
Microsoft Visual Studio Solution File, Format Version 12.00
# Visual Studio Version 16
VisualStudioVersion = 16.0.29806.167
MinimumVisualStudioVersion = 10.0.40219.1
Project("{9A19103F-16F7-4668-BE54-9A1E7A4F7556}") = "InvoluteGears", "InvoluteGears\InvoluteGears.csproj", "{1D1FC045-A2DA-436B-AAC0-B1F59D08CD8E}"
EndProject
Project("{9A19103F-16F7-4668-BE54-9A1E7A4F7556}") = "Plotter", "Plotter\Plotter.csproj", "{CCA0060C-1892-4C93-9D63-42CBA684ACF1}"
EndProject
Project("{9A19103F-16F7-4668-BE54-9A1E7A4F7556}") = "Gears", "Gears\Gears.csproj", "{C4FECCA1-3AC2-4799-9F25-43FBB4DD7653}"
EndProject
Project("{2150E333-8FDC-42A3-9474-1A3956D46DE8}") = "Solution Items", "Solution Items", "{AC50544D-ED2F-43AF-9512-6C2369ECEFE3}"
	ProjectSection(SolutionItems) = preProject
		README.md = README.md
	EndProjectSection
EndProject
Project("{9A19103F-16F7-4668-BE54-9A1E7A4F7556}") = "GearClient.Server", "GearClient\Server\GearClient.Server.csproj", "{0A04B4E4-7472-4839-8972-EF7EE3D19216}"
EndProject
Project("{9A19103F-16F7-4668-BE54-9A1E7A4F7556}") = "GearClient.Client", "GearClient\Client\GearClient.Client.csproj", "{EED0256A-7114-4D1A-919A-464F19CD4771}"
EndProject
Project("{9A19103F-16F7-4668-BE54-9A1E7A4F7556}") = "GearClient.Shared", "GearClient\Shared\GearClient.Shared.csproj", "{AC836D84-2E44-43D3-A1B9-F55414245422}"
EndProject
Global
	GlobalSection(SolutionConfigurationPlatforms) = preSolution
		Debug|Any CPU = Debug|Any CPU
		Release|Any CPU = Release|Any CPU
	EndGlobalSection
	GlobalSection(ProjectConfigurationPlatforms) = postSolution
		{1D1FC045-A2DA-436B-AAC0-B1F59D08CD8E}.Debug|Any CPU.ActiveCfg = Debug|Any CPU
		{1D1FC045-A2DA-436B-AAC0-B1F59D08CD8E}.Debug|Any CPU.Build.0 = Debug|Any CPU
		{1D1FC045-A2DA-436B-AAC0-B1F59D08CD8E}.Release|Any CPU.ActiveCfg = Release|Any CPU
		{1D1FC045-A2DA-436B-AAC0-B1F59D08CD8E}.Release|Any CPU.Build.0 = Release|Any CPU
		{CCA0060C-1892-4C93-9D63-42CBA684ACF1}.Debug|Any CPU.ActiveCfg = Debug|Any CPU
		{CCA0060C-1892-4C93-9D63-42CBA684ACF1}.Debug|Any CPU.Build.0 = Debug|Any CPU
		{CCA0060C-1892-4C93-9D63-42CBA684ACF1}.Release|Any CPU.ActiveCfg = Release|Any CPU
		{CCA0060C-1892-4C93-9D63-42CBA684ACF1}.Release|Any CPU.Build.0 = Release|Any CPU
		{C4FECCA1-3AC2-4799-9F25-43FBB4DD7653}.Debug|Any CPU.ActiveCfg = Debug|Any CPU
		{C4FECCA1-3AC2-4799-9F25-43FBB4DD7653}.Debug|Any CPU.Build.0 = Debug|Any CPU
		{C4FECCA1-3AC2-4799-9F25-43FBB4DD7653}.Release|Any CPU.ActiveCfg = Release|Any CPU
		{C4FECCA1-3AC2-4799-9F25-43FBB4DD7653}.Release|Any CPU.Build.0 = Release|Any CPU
		{0A04B4E4-7472-4839-8972-EF7EE3D19216}.Debug|Any CPU.ActiveCfg = Debug|Any CPU
		{0A04B4E4-7472-4839-8972-EF7EE3D19216}.Debug|Any CPU.Build.0 = Debug|Any CPU
		{0A04B4E4-7472-4839-8972-EF7EE3D19216}.Release|Any CPU.ActiveCfg = Release|Any CPU
		{0A04B4E4-7472-4839-8972-EF7EE3D19216}.Release|Any CPU.Build.0 = Release|Any CPU
		{EED0256A-7114-4D1A-919A-464F19CD4771}.Debug|Any CPU.ActiveCfg = Debug|Any CPU
		{EED0256A-7114-4D1A-919A-464F19CD4771}.Debug|Any CPU.Build.0 = Debug|Any CPU
		{EED0256A-7114-4D1A-919A-464F19CD4771}.Release|Any CPU.ActiveCfg = Release|Any CPU
		{EED0256A-7114-4D1A-919A-464F19CD4771}.Release|Any CPU.Build.0 = Release|Any CPU
		{AC836D84-2E44-43D3-A1B9-F55414245422}.Debug|Any CPU.ActiveCfg = Debug|Any CPU
		{AC836D84-2E44-43D3-A1B9-F55414245422}.Debug|Any CPU.Build.0 = Debug|Any CPU
		{AC836D84-2E44-43D3-A1B9-F55414245422}.Release|Any CPU.ActiveCfg = Release|Any CPU
		{AC836D84-2E44-43D3-A1B9-F55414245422}.Release|Any CPU.Build.0 = Release|Any CPU
	EndGlobalSection
	GlobalSection(SolutionProperties) = preSolution
		HideSolutionNode = FALSE
	EndGlobalSection
	GlobalSection(ExtensibilityGlobals) = postSolution
		SolutionGuid = {0D414A8F-B07C-4129-8713-065633AA706E}
	EndGlobalSection
EndGlobal
