
Microsoft Visual Studio Solution File, Format Version 12.00
# Visual Studio Version 16
VisualStudioVersion = 16.0.30114.105
MinimumVisualStudioVersion = 10.0.40219.1
Project("{FAE04EC0-301F-11D3-BF4B-00C04F79EFBC}") = "GearClient.Server", "Server\GearClient.Server.csproj", "{7FD9329A-21B1-40D9-9890-9BE41266CE40}"
EndProject
Project("{FAE04EC0-301F-11D3-BF4B-00C04F79EFBC}") = "GearClient.Client", "Client\GearClient.Client.csproj", "{74D0E438-DD12-4E30-B028-DFC2544A532D}"
EndProject
Project("{FAE04EC0-301F-11D3-BF4B-00C04F79EFBC}") = "GearClient.Shared", "Shared\GearClient.Shared.csproj", "{FDF7118C-941B-4443-BC4C-26A6BCFC32A5}"
EndProject
Global
	GlobalSection(SolutionConfigurationPlatforms) = preSolution
		Debug|Any CPU = Debug|Any CPU
		Release|Any CPU = Release|Any CPU
	EndGlobalSection
	GlobalSection(ProjectConfigurationPlatforms) = postSolution
		{7FD9329A-21B1-40D9-9890-9BE41266CE40}.Debug|Any CPU.ActiveCfg = Debug|Any CPU
		{7FD9329A-21B1-40D9-9890-9BE41266CE40}.Debug|Any CPU.Build.0 = Debug|Any CPU
		{7FD9329A-21B1-40D9-9890-9BE41266CE40}.Release|Any CPU.ActiveCfg = Release|Any CPU
		{7FD9329A-21B1-40D9-9890-9BE41266CE40}.Release|Any CPU.Build.0 = Release|Any CPU
		{74D0E438-DD12-4E30-B028-DFC2544A532D}.Debug|Any CPU.ActiveCfg = Debug|Any CPU
		{74D0E438-DD12-4E30-B028-DFC2544A532D}.Debug|Any CPU.Build.0 = Debug|Any CPU
		{74D0E438-DD12-4E30-B028-DFC2544A532D}.Release|Any CPU.ActiveCfg = Release|Any CPU
		{74D0E438-DD12-4E30-B028-DFC2544A532D}.Release|Any CPU.Build.0 = Release|Any CPU
		{FDF7118C-941B-4443-BC4C-26A6BCFC32A5}.Debug|Any CPU.ActiveCfg = Debug|Any CPU
		{FDF7118C-941B-4443-BC4C-26A6BCFC32A5}.Debug|Any CPU.Build.0 = Debug|Any CPU
		{FDF7118C-941B-4443-BC4C-26A6BCFC32A5}.Release|Any CPU.ActiveCfg = Release|Any CPU
		{FDF7118C-941B-4443-BC4C-26A6BCFC32A5}.Release|Any CPU.Build.0 = Release|Any CPU
	EndGlobalSection
	GlobalSection(SolutionProperties) = preSolution
		HideSolutionNode = FALSE
	EndGlobalSection
	GlobalSection(ExtensibilityGlobals) = postSolution
		SolutionGuid = {03549991-402D-4F6D-8DD7-D65DE4ED32B0}
	EndGlobalSection
EndGlobal
